
Microsoft Visual Studio Solution File, Format Version 12.00
# Visual Studio Version 17
VisualStudioVersion = 17.0.32014.148
MinimumVisualStudioVersion = 10.0.40219.1
Project("{9A19103F-16F7-4668-BE54-9A1E7A4F7556}") = "marking-api.Data", "marking-api.Data\marking-api.Data.csproj", "{6B65DA51-C670-4130-B61C-C91266CD636B}"
EndProject
Project("{9A19103F-16F7-4668-BE54-9A1E7A4F7556}") = "marking-api.DataModel", "marking-api.DataModel\marking-api.DataModel.csproj", "{49B60336-572D-4927-BE9A-64EC807D00DD}"
EndProject
Project("{9A19103F-16F7-4668-BE54-9A1E7A4F7556}") = "marking-api.Global", "marking-api.Global\marking-api.Global.csproj", "{32663CE1-632B-4ADD-96DB-180781265BA8}"
EndProject
Project("{9A19103F-16F7-4668-BE54-9A1E7A4F7556}") = "marking-api.API", "marking-api.API\marking-api.API.csproj", "{422F1EA0-382E-4F4F-B45D-00F3E4279306}"
EndProject
Global
	GlobalSection(SolutionConfigurationPlatforms) = preSolution
		Debug|Any CPU = Debug|Any CPU
		Release|Any CPU = Release|Any CPU
	EndGlobalSection
	GlobalSection(ProjectConfigurationPlatforms) = postSolution
		{6B65DA51-C670-4130-B61C-C91266CD636B}.Debug|Any CPU.ActiveCfg = Debug|Any CPU
		{6B65DA51-C670-4130-B61C-C91266CD636B}.Debug|Any CPU.Build.0 = Debug|Any CPU
		{6B65DA51-C670-4130-B61C-C91266CD636B}.Release|Any CPU.ActiveCfg = Release|Any CPU
		{6B65DA51-C670-4130-B61C-C91266CD636B}.Release|Any CPU.Build.0 = Release|Any CPU
		{49B60336-572D-4927-BE9A-64EC807D00DD}.Debug|Any CPU.ActiveCfg = Debug|Any CPU
		{49B60336-572D-4927-BE9A-64EC807D00DD}.Debug|Any CPU.Build.0 = Debug|Any CPU
		{49B60336-572D-4927-BE9A-64EC807D00DD}.Release|Any CPU.ActiveCfg = Release|Any CPU
		{49B60336-572D-4927-BE9A-64EC807D00DD}.Release|Any CPU.Build.0 = Release|Any CPU
		{32663CE1-632B-4ADD-96DB-180781265BA8}.Debug|Any CPU.ActiveCfg = Debug|Any CPU
		{32663CE1-632B-4ADD-96DB-180781265BA8}.Debug|Any CPU.Build.0 = Debug|Any CPU
		{32663CE1-632B-4ADD-96DB-180781265BA8}.Release|Any CPU.ActiveCfg = Release|Any CPU
		{32663CE1-632B-4ADD-96DB-180781265BA8}.Release|Any CPU.Build.0 = Release|Any CPU
		{422F1EA0-382E-4F4F-B45D-00F3E4279306}.Debug|Any CPU.ActiveCfg = Debug|Any CPU
		{422F1EA0-382E-4F4F-B45D-00F3E4279306}.Debug|Any CPU.Build.0 = Debug|Any CPU
		{422F1EA0-382E-4F4F-B45D-00F3E4279306}.Release|Any CPU.ActiveCfg = Release|Any CPU
		{422F1EA0-382E-4F4F-B45D-00F3E4279306}.Release|Any CPU.Build.0 = Release|Any CPU
	EndGlobalSection
	GlobalSection(SolutionProperties) = preSolution
		HideSolutionNode = FALSE
	EndGlobalSection
	GlobalSection(ExtensibilityGlobals) = postSolution
		SolutionGuid = {ABC752A7-8F02-401C-AF1C-2BCCB7FCDE85}
	EndGlobalSection
EndGlobal
